// !$*UTF8*$!
{
	archiveVersion = 1;
	classes = {
	};
	objectVersion = 50;
	objects = {

/* Begin PBXBuildFile section */
		07607A172664DFFF00C491B4 /* MemorizeApp.swift in Sources */ = {isa = PBXBuildFile; fileRef = 07607A162664DFFF00C491B4 /* MemorizeApp.swift */; };
		07607A192664DFFF00C491B4 /* ContentView.swift in Sources */ = {isa = PBXBuildFile; fileRef = 07607A182664DFFF00C491B4 /* ContentView.swift */; };
		07607A1B2664E00000C491B4 /* Assets.xcassets in Resources */ = {isa = PBXBuildFile; fileRef = 07607A1A2664E00000C491B4 /* Assets.xcassets */; };
		07607A1E2664E00000C491B4 /* Preview Assets.xcassets in Resources */ = {isa = PBXBuildFile; fileRef = 07607A1D2664E00000C491B4 /* Preview Assets.xcassets */; };
		07607A292664E00000C491B4 /* MemorizeTests.swift in Sources */ = {isa = PBXBuildFile; fileRef = 07607A282664E00000C491B4 /* MemorizeTests.swift */; };
		07607A342664E00000C491B4 /* MemorizeUITests.swift in Sources */ = {isa = PBXBuildFile; fileRef = 07607A332664E00000C491B4 /* MemorizeUITests.swift */; };
		07607A462664E10B00C491B4 /* CardView.swift in Sources */ = {isa = PBXBuildFile; fileRef = 07607A452664E10B00C491B4 /* CardView.swift */; };
		32CB05C326652916006EED6E /* MemoryGame.swift in Sources */ = {isa = PBXBuildFile; fileRef = 32CB05C226652915006EED6E /* MemoryGame.swift */; };
		32CB05C526652A33006EED6E /* EmojiMemoryGame.swift in Sources */ = {isa = PBXBuildFile; fileRef = 32CB05C426652A33006EED6E /* EmojiMemoryGame.swift */; };
/* End PBXBuildFile section */

/* Begin PBXContainerItemProxy section */
		07607A252664E00000C491B4 /* PBXContainerItemProxy */ = {
			isa = PBXContainerItemProxy;
			containerPortal = 07607A0B2664DFFF00C491B4 /* Project object */;
			proxyType = 1;
			remoteGlobalIDString = 07607A122664DFFF00C491B4;
			remoteInfo = Memorize;
		};
		07607A302664E00000C491B4 /* PBXContainerItemProxy */ = {
			isa = PBXContainerItemProxy;
			containerPortal = 07607A0B2664DFFF00C491B4 /* Project object */;
			proxyType = 1;
			remoteGlobalIDString = 07607A122664DFFF00C491B4;
			remoteInfo = Memorize;
		};
/* End PBXContainerItemProxy section */

/* Begin PBXFileReference section */
		07607A132664DFFF00C491B4 /* Memorize.app */ = {isa = PBXFileReference; explicitFileType = wrapper.application; includeInIndex = 0; path = Memorize.app; sourceTree = BUILT_PRODUCTS_DIR; };
		07607A162664DFFF00C491B4 /* MemorizeApp.swift */ = {isa = PBXFileReference; lastKnownFileType = sourcecode.swift; path = MemorizeApp.swift; sourceTree = "<group>"; };
		07607A182664DFFF00C491B4 /* ContentView.swift */ = {isa = PBXFileReference; lastKnownFileType = sourcecode.swift; path = ContentView.swift; sourceTree = "<group>"; };
		07607A1A2664E00000C491B4 /* Assets.xcassets */ = {isa = PBXFileReference; lastKnownFileType = folder.assetcatalog; path = Assets.xcassets; sourceTree = "<group>"; };
		07607A1D2664E00000C491B4 /* Preview Assets.xcassets */ = {isa = PBXFileReference; lastKnownFileType = folder.assetcatalog; path = "Preview Assets.xcassets"; sourceTree = "<group>"; };
		07607A1F2664E00000C491B4 /* Info.plist */ = {isa = PBXFileReference; lastKnownFileType = text.plist.xml; path = Info.plist; sourceTree = "<group>"; };
		07607A242664E00000C491B4 /* MemorizeTests.xctest */ = {isa = PBXFileReference; explicitFileType = wrapper.cfbundle; includeInIndex = 0; path = MemorizeTests.xctest; sourceTree = BUILT_PRODUCTS_DIR; };
		07607A282664E00000C491B4 /* MemorizeTests.swift */ = {isa = PBXFileReference; lastKnownFileType = sourcecode.swift; path = MemorizeTests.swift; sourceTree = "<group>"; };
		07607A2A2664E00000C491B4 /* Info.plist */ = {isa = PBXFileReference; lastKnownFileType = text.plist.xml; path = Info.plist; sourceTree = "<group>"; };
		07607A2F2664E00000C491B4 /* MemorizeUITests.xctest */ = {isa = PBXFileReference; explicitFileType = wrapper.cfbundle; includeInIndex = 0; path = MemorizeUITests.xctest; sourceTree = BUILT_PRODUCTS_DIR; };
		07607A332664E00000C491B4 /* MemorizeUITests.swift */ = {isa = PBXFileReference; lastKnownFileType = sourcecode.swift; path = MemorizeUITests.swift; sourceTree = "<group>"; };
		07607A352664E00000C491B4 /* Info.plist */ = {isa = PBXFileReference; lastKnownFileType = text.plist.xml; path = Info.plist; sourceTree = "<group>"; };
		07607A452664E10B00C491B4 /* CardView.swift */ = {isa = PBXFileReference; lastKnownFileType = sourcecode.swift; path = CardView.swift; sourceTree = "<group>"; };
		32CB05C226652915006EED6E /* MemoryGame.swift */ = {isa = PBXFileReference; lastKnownFileType = sourcecode.swift; name = MemoryGame.swift; path = Model/MemoryGame.swift; sourceTree = "<group>"; };
		32CB05C426652A33006EED6E /* EmojiMemoryGame.swift */ = {isa = PBXFileReference; lastKnownFileType = sourcecode.swift; path = EmojiMemoryGame.swift; sourceTree = "<group>"; };
/* End PBXFileReference section */

/* Begin PBXFrameworksBuildPhase section */
		07607A102664DFFF00C491B4 /* Frameworks */ = {
			isa = PBXFrameworksBuildPhase;
			buildActionMask = 2147483647;
			files = (
			);
			runOnlyForDeploymentPostprocessing = 0;
		};
		07607A212664E00000C491B4 /* Frameworks */ = {
			isa = PBXFrameworksBuildPhase;
			buildActionMask = 2147483647;
			files = (
			);
			runOnlyForDeploymentPostprocessing = 0;
		};
		07607A2C2664E00000C491B4 /* Frameworks */ = {
			isa = PBXFrameworksBuildPhase;
			buildActionMask = 2147483647;
			files = (
			);
			runOnlyForDeploymentPostprocessing = 0;
		};
/* End PBXFrameworksBuildPhase section */

/* Begin PBXGroup section */
		07607A0A2664DFFF00C491B4 = {
			isa = PBXGroup;
			children = (
				07607A152664DFFF00C491B4 /* Memorize */,
				07607A272664E00000C491B4 /* MemorizeTests */,
				07607A322664E00000C491B4 /* MemorizeUITests */,
				07607A142664DFFF00C491B4 /* Products */,
			);
			sourceTree = "<group>";
		};
		07607A142664DFFF00C491B4 /* Products */ = {
			isa = PBXGroup;
			children = (
				07607A132664DFFF00C491B4 /* Memorize.app */,
				07607A242664E00000C491B4 /* MemorizeTests.xctest */,
				07607A2F2664E00000C491B4 /* MemorizeUITests.xctest */,
			);
			name = Products;
			sourceTree = "<group>";
		};
		07607A152664DFFF00C491B4 /* Memorize */ = {
			isa = PBXGroup;
			children = (
				07607A442664E0F900C491B4 /* Views */,
				07607A162664DFFF00C491B4 /* MemorizeApp.swift */,
				07607A182664DFFF00C491B4 /* ContentView.swift */,
				07607A1A2664E00000C491B4 /* Assets.xcassets */,
				07607A1F2664E00000C491B4 /* Info.plist */,
				07607A1C2664E00000C491B4 /* Preview Content */,
				32CB05C226652915006EED6E /* MemoryGame.swift */,
				32CB05C426652A33006EED6E /* EmojiMemoryGame.swift */,
			);
			path = Memorize;
			sourceTree = "<group>";
		};
		07607A1C2664E00000C491B4 /* Preview Content */ = {
			isa = PBXGroup;
			children = (
				07607A1D2664E00000C491B4 /* Preview Assets.xcassets */,
			);
			path = "Preview Content";
			sourceTree = "<group>";
		};
		07607A272664E00000C491B4 /* MemorizeTests */ = {
			isa = PBXGroup;
			children = (
				07607A282664E00000C491B4 /* MemorizeTests.swift */,
				07607A2A2664E00000C491B4 /* Info.plist */,
			);
			path = MemorizeTests;
			sourceTree = "<group>";
		};
		07607A322664E00000C491B4 /* MemorizeUITests */ = {
			isa = PBXGroup;
			children = (
				07607A332664E00000C491B4 /* MemorizeUITests.swift */,
				07607A352664E00000C491B4 /* Info.plist */,
			);
			path = MemorizeUITests;
			sourceTree = "<group>";
		};
		07607A442664E0F900C491B4 /* Views */ = {
			isa = PBXGroup;
			children = (
				07607A452664E10B00C491B4 /* CardView.swift */,
			);
			path = Views;
			sourceTree = "<group>";
		};
/* End PBXGroup section */

/* Begin PBXNativeTarget section */
		07607A122664DFFF00C491B4 /* Memorize */ = {
			isa = PBXNativeTarget;
			buildConfigurationList = 07607A382664E00000C491B4 /* Build configuration list for PBXNativeTarget "Memorize" */;
			buildPhases = (
				07607A0F2664DFFF00C491B4 /* Sources */,
				07607A102664DFFF00C491B4 /* Frameworks */,
				07607A112664DFFF00C491B4 /* Resources */,
			);
			buildRules = (
			);
			dependencies = (
			);
			name = Memorize;
			productName = Memorize;
			productReference = 07607A132664DFFF00C491B4 /* Memorize.app */;
			productType = "com.apple.product-type.application";
		};
		07607A232664E00000C491B4 /* MemorizeTests */ = {
			isa = PBXNativeTarget;
			buildConfigurationList = 07607A3B2664E00000C491B4 /* Build configuration list for PBXNativeTarget "MemorizeTests" */;
			buildPhases = (
				07607A202664E00000C491B4 /* Sources */,
				07607A212664E00000C491B4 /* Frameworks */,
				07607A222664E00000C491B4 /* Resources */,
			);
			buildRules = (
			);
			dependencies = (
				07607A262664E00000C491B4 /* PBXTargetDependency */,
			);
			name = MemorizeTests;
			productName = MemorizeTests;
			productReference = 07607A242664E00000C491B4 /* MemorizeTests.xctest */;
			productType = "com.apple.product-type.bundle.unit-test";
		};
		07607A2E2664E00000C491B4 /* MemorizeUITests */ = {
			isa = PBXNativeTarget;
			buildConfigurationList = 07607A3E2664E00000C491B4 /* Build configuration list for PBXNativeTarget "MemorizeUITests" */;
			buildPhases = (
				07607A2B2664E00000C491B4 /* Sources */,
				07607A2C2664E00000C491B4 /* Frameworks */,
				07607A2D2664E00000C491B4 /* Resources */,
			);
			buildRules = (
			);
			dependencies = (
				07607A312664E00000C491B4 /* PBXTargetDependency */,
			);
			name = MemorizeUITests;
			productName = MemorizeUITests;
			productReference = 07607A2F2664E00000C491B4 /* MemorizeUITests.xctest */;
			productType = "com.apple.product-type.bundle.ui-testing";
		};
/* End PBXNativeTarget section */

/* Begin PBXProject section */
		07607A0B2664DFFF00C491B4 /* Project object */ = {
			isa = PBXProject;
			attributes = {
				LastSwiftUpdateCheck = 1240;
				LastUpgradeCheck = 1240;
				TargetAttributes = {
					07607A122664DFFF00C491B4 = {
						CreatedOnToolsVersion = 12.4;
					};
					07607A232664E00000C491B4 = {
						CreatedOnToolsVersion = 12.4;
						TestTargetID = 07607A122664DFFF00C491B4;
					};
					07607A2E2664E00000C491B4 = {
						CreatedOnToolsVersion = 12.4;
						TestTargetID = 07607A122664DFFF00C491B4;
					};
				};
			};
			buildConfigurationList = 07607A0E2664DFFF00C491B4 /* Build configuration list for PBXProject "Memorize" */;
			compatibilityVersion = "Xcode 9.3";
			developmentRegion = en;
			hasScannedForEncodings = 0;
			knownRegions = (
				en,
				Base,
			);
			mainGroup = 07607A0A2664DFFF00C491B4;
			productRefGroup = 07607A142664DFFF00C491B4 /* Products */;
			projectDirPath = "";
			projectRoot = "";
			targets = (
				07607A122664DFFF00C491B4 /* Memorize */,
				07607A232664E00000C491B4 /* MemorizeTests */,
				07607A2E2664E00000C491B4 /* MemorizeUITests */,
			);
		};
/* End PBXProject section */

/* Begin PBXResourcesBuildPhase section */
		07607A112664DFFF00C491B4 /* Resources */ = {
			isa = PBXResourcesBuildPhase;
			buildActionMask = 2147483647;
			files = (
				07607A1E2664E00000C491B4 /* Preview Assets.xcassets in Resources */,
				07607A1B2664E00000C491B4 /* Assets.xcassets in Resources */,
			);
			runOnlyForDeploymentPostprocessing = 0;
		};
		07607A222664E00000C491B4 /* Resources */ = {
			isa = PBXResourcesBuildPhase;
			buildActionMask = 2147483647;
			files = (
			);
			runOnlyForDeploymentPostprocessing = 0;
		};
		07607A2D2664E00000C491B4 /* Resources */ = {
			isa = PBXResourcesBuildPhase;
			buildActionMask = 2147483647;
			files = (
			);
			runOnlyForDeploymentPostprocessing = 0;
		};
/* End PBXResourcesBuildPhase section */

/* Begin PBXSourcesBuildPhase section */
		07607A0F2664DFFF00C491B4 /* Sources */ = {
			isa = PBXSourcesBuildPhase;
			buildActionMask = 2147483647;
			files = (
				07607A192664DFFF00C491B4 /* ContentView.swift in Sources */,
				07607A462664E10B00C491B4 /* CardView.swift in Sources */,
				32CB05C326652916006EED6E /* MemoryGame.swift in Sources */,
				07607A172664DFFF00C491B4 /* MemorizeApp.swift in Sources */,
				32CB05C526652A33006EED6E /* EmojiMemoryGame.swift in Sources */,
			);
			runOnlyForDeploymentPostprocessing = 0;
		};
		07607A202664E00000C491B4 /* Sources */ = {
			isa = PBXSourcesBuildPhase;
			buildActionMask = 2147483647;
			files = (
				07DD5D1E2666770500671A14 /* Array+Extension.swift in Sources */,
				07607A292664E00000C491B4 /* MemorizeTests.swift in Sources */,
				07DD5D182666766500671A14 /* Array+ExtensionTest.swift in Sources */,
			);
			runOnlyForDeploymentPostprocessing = 0;
		};
		07607A2B2664E00000C491B4 /* Sources */ = {
			isa = PBXSourcesBuildPhase;
			buildActionMask = 2147483647;
			files = (
				07607A342664E00000C491B4 /* MemorizeUITests.swift in Sources */,
			);
			runOnlyForDeploymentPostprocessing = 0;
		};
/* End PBXSourcesBuildPhase section */

/* Begin PBXTargetDependency section */
		07607A262664E00000C491B4 /* PBXTargetDependency */ = {
			isa = PBXTargetDependency;
			target = 07607A122664DFFF00C491B4 /* Memorize */;
			targetProxy = 07607A252664E00000C491B4 /* PBXContainerItemProxy */;
		};
		07607A312664E00000C491B4 /* PBXTargetDependency */ = {
			isa = PBXTargetDependency;
			target = 07607A122664DFFF00C491B4 /* Memorize */;
			targetProxy = 07607A302664E00000C491B4 /* PBXContainerItemProxy */;
		};
/* End PBXTargetDependency section */

/* Begin XCBuildConfiguration section */
		07607A362664E00000C491B4 /* Debug */ = {
			isa = XCBuildConfiguration;
			buildSettings = {
				ALWAYS_SEARCH_USER_PATHS = NO;
				CLANG_ANALYZER_NONNULL = YES;
				CLANG_ANALYZER_NUMBER_OBJECT_CONVERSION = YES_AGGRESSIVE;
				CLANG_CXX_LANGUAGE_STANDARD = "gnu++14";
				CLANG_CXX_LIBRARY = "libc++";
				CLANG_ENABLE_MODULES = YES;
				CLANG_ENABLE_OBJC_ARC = YES;
				CLANG_ENABLE_OBJC_WEAK = YES;
				CLANG_WARN_BLOCK_CAPTURE_AUTORELEASING = YES;
				CLANG_WARN_BOOL_CONVERSION = YES;
				CLANG_WARN_COMMA = YES;
				CLANG_WARN_CONSTANT_CONVERSION = YES;
				CLANG_WARN_DEPRECATED_OBJC_IMPLEMENTATIONS = YES;
				CLANG_WARN_DIRECT_OBJC_ISA_USAGE = YES_ERROR;
				CLANG_WARN_DOCUMENTATION_COMMENTS = YES;
				CLANG_WARN_EMPTY_BODY = YES;
				CLANG_WARN_ENUM_CONVERSION = YES;
				CLANG_WARN_INFINITE_RECURSION = YES;
				CLANG_WARN_INT_CONVERSION = YES;
				CLANG_WARN_NON_LITERAL_NULL_CONVERSION = YES;
				CLANG_WARN_OBJC_IMPLICIT_RETAIN_SELF = YES;
				CLANG_WARN_OBJC_LITERAL_CONVERSION = YES;
				CLANG_WARN_OBJC_ROOT_CLASS = YES_ERROR;
				CLANG_WARN_QUOTED_INCLUDE_IN_FRAMEWORK_HEADER = YES;
				CLANG_WARN_RANGE_LOOP_ANALYSIS = YES;
				CLANG_WARN_STRICT_PROTOTYPES = YES;
				CLANG_WARN_SUSPICIOUS_MOVE = YES;
				CLANG_WARN_UNGUARDED_AVAILABILITY = YES_AGGRESSIVE;
				CLANG_WARN_UNREACHABLE_CODE = YES;
				CLANG_WARN__DUPLICATE_METHOD_MATCH = YES;
				COPY_PHASE_STRIP = NO;
				DEBUG_INFORMATION_FORMAT = dwarf;
				ENABLE_STRICT_OBJC_MSGSEND = YES;
				ENABLE_TESTABILITY = YES;
				GCC_C_LANGUAGE_STANDARD = gnu11;
				GCC_DYNAMIC_NO_PIC = NO;
				GCC_NO_COMMON_BLOCKS = YES;
				GCC_OPTIMIZATION_LEVEL = 0;
				GCC_PREPROCESSOR_DEFINITIONS = (
					"DEBUG=1",
					"$(inherited)",
				);
				GCC_WARN_64_TO_32_BIT_CONVERSION = YES;
				GCC_WARN_ABOUT_RETURN_TYPE = YES_ERROR;
				GCC_WARN_UNDECLARED_SELECTOR = YES;
				GCC_WARN_UNINITIALIZED_AUTOS = YES_AGGRESSIVE;
				GCC_WARN_UNUSED_FUNCTION = YES;
				GCC_WARN_UNUSED_VARIABLE = YES;
				IPHONEOS_DEPLOYMENT_TARGET = 14.4;
				MTL_ENABLE_DEBUG_INFO = INCLUDE_SOURCE;
				MTL_FAST_MATH = YES;
				ONLY_ACTIVE_ARCH = YES;
				SDKROOT = iphoneos;
				SWIFT_ACTIVE_COMPILATION_CONDITIONS = DEBUG;
				SWIFT_OPTIMIZATION_LEVEL = "-Onone";
			};
			name = Debug;
		};
		07607A372664E00000C491B4 /* Release */ = {
			isa = XCBuildConfiguration;
			buildSettings = {
				ALWAYS_SEARCH_USER_PATHS = NO;
				CLANG_ANALYZER_NONNULL = YES;
				CLANG_ANALYZER_NUMBER_OBJECT_CONVERSION = YES_AGGRESSIVE;
				CLANG_CXX_LANGUAGE_STANDARD = "gnu++14";
				CLANG_CXX_LIBRARY = "libc++";
				CLANG_ENABLE_MODULES = YES;
				CLANG_ENABLE_OBJC_ARC = YES;
				CLANG_ENABLE_OBJC_WEAK = YES;
				CLANG_WARN_BLOCK_CAPTURE_AUTORELEASING = YES;
				CLANG_WARN_BOOL_CONVERSION = YES;
				CLANG_WARN_COMMA = YES;
				CLANG_WARN_CONSTANT_CONVERSION = YES;
				CLANG_WARN_DEPRECATED_OBJC_IMPLEMENTATIONS = YES;
				CLANG_WARN_DIRECT_OBJC_ISA_USAGE = YES_ERROR;
				CLANG_WARN_DOCUMENTATION_COMMENTS = YES;
				CLANG_WARN_EMPTY_BODY = YES;
				CLANG_WARN_ENUM_CONVERSION = YES;
				CLANG_WARN_INFINITE_RECURSION = YES;
				CLANG_WARN_INT_CONVERSION = YES;
				CLANG_WARN_NON_LITERAL_NULL_CONVERSION = YES;
				CLANG_WARN_OBJC_IMPLICIT_RETAIN_SELF = YES;
				CLANG_WARN_OBJC_LITERAL_CONVERSION = YES;
				CLANG_WARN_OBJC_ROOT_CLASS = YES_ERROR;
				CLANG_WARN_QUOTED_INCLUDE_IN_FRAMEWORK_HEADER = YES;
				CLANG_WARN_RANGE_LOOP_ANALYSIS = YES;
				CLANG_WARN_STRICT_PROTOTYPES = YES;
				CLANG_WARN_SUSPICIOUS_MOVE = YES;
				CLANG_WARN_UNGUARDED_AVAILABILITY = YES_AGGRESSIVE;
				CLANG_WARN_UNREACHABLE_CODE = YES;
				CLANG_WARN__DUPLICATE_METHOD_MATCH = YES;
				COPY_PHASE_STRIP = NO;
				DEBUG_INFORMATION_FORMAT = "dwarf-with-dsym";
				ENABLE_NS_ASSERTIONS = NO;
				ENABLE_STRICT_OBJC_MSGSEND = YES;
				GCC_C_LANGUAGE_STANDARD = gnu11;
				GCC_NO_COMMON_BLOCKS = YES;
				GCC_WARN_64_TO_32_BIT_CONVERSION = YES;
				GCC_WARN_ABOUT_RETURN_TYPE = YES_ERROR;
				GCC_WARN_UNDECLARED_SELECTOR = YES;
				GCC_WARN_UNINITIALIZED_AUTOS = YES_AGGRESSIVE;
				GCC_WARN_UNUSED_FUNCTION = YES;
				GCC_WARN_UNUSED_VARIABLE = YES;
				IPHONEOS_DEPLOYMENT_TARGET = 14.4;
				MTL_ENABLE_DEBUG_INFO = NO;
				MTL_FAST_MATH = YES;
				SDKROOT = iphoneos;
				SWIFT_COMPILATION_MODE = wholemodule;
				SWIFT_OPTIMIZATION_LEVEL = "-O";
				VALIDATE_PRODUCT = YES;
			};
			name = Release;
		};
		07607A392664E00000C491B4 /* Debug */ = {
			isa = XCBuildConfiguration;
			buildSettings = {
				ASSETCATALOG_COMPILER_APPICON_NAME = AppIcon;
				ASSETCATALOG_COMPILER_GLOBAL_ACCENT_COLOR_NAME = AccentColor;
				CODE_SIGN_STYLE = Automatic;
				DEVELOPMENT_ASSET_PATHS = "\"Memorize/Preview Content\"";
				DEVELOPMENT_TEAM = 2357A78TMR;
				ENABLE_PREVIEWS = YES;
				INFOPLIST_FILE = Memorize/Info.plist;
				IPHONEOS_DEPLOYMENT_TARGET = 14.0;
				LD_RUNPATH_SEARCH_PATHS = (
					"$(inherited)",
					"@executable_path/Frameworks",
				);
				PRODUCT_BUNDLE_IDENTIFIER = com.nulltwenty.Memorize;
				PRODUCT_NAME = "$(TARGET_NAME)";
				SWIFT_VERSION = 5.0;
				TARGETED_DEVICE_FAMILY = "1,2";
			};
			name = Debug;
		};
		07607A3A2664E00000C491B4 /* Release */ = {
			isa = XCBuildConfiguration;
			buildSettings = {
				ASSETCATALOG_COMPILER_APPICON_NAME = AppIcon;
				ASSETCATALOG_COMPILER_GLOBAL_ACCENT_COLOR_NAME = AccentColor;
				CODE_SIGN_STYLE = Automatic;
				DEVELOPMENT_ASSET_PATHS = "\"Memorize/Preview Content\"";
				DEVELOPMENT_TEAM = 2357A78TMR;
				ENABLE_PREVIEWS = YES;
				INFOPLIST_FILE = Memorize/Info.plist;
				IPHONEOS_DEPLOYMENT_TARGET = 14.0;
				LD_RUNPATH_SEARCH_PATHS = (
					"$(inherited)",
					"@executable_path/Frameworks",
				);
				PRODUCT_BUNDLE_IDENTIFIER = com.nulltwenty.Memorize;
				PRODUCT_NAME = "$(TARGET_NAME)";
				SWIFT_VERSION = 5.0;
				TARGETED_DEVICE_FAMILY = "1,2";
			};
			name = Release;
		};
		07607A3C2664E00000C491B4 /* Debug */ = {
			isa = XCBuildConfiguration;
			buildSettings = {
				ALWAYS_EMBED_SWIFT_STANDARD_LIBRARIES = YES;
				BUNDLE_LOADER = "$(TEST_HOST)";
				CODE_SIGN_STYLE = Automatic;
				DEVELOPMENT_TEAM = 2357A78TMR;
				INFOPLIST_FILE = MemorizeTests/Info.plist;
				IPHONEOS_DEPLOYMENT_TARGET = 14.0;
				LD_RUNPATH_SEARCH_PATHS = (
					"$(inherited)",
					"@executable_path/Frameworks",
					"@loader_path/Frameworks",
				);
				PRODUCT_BUNDLE_IDENTIFIER = com.nulltwenty.MemorizeTests;
				PRODUCT_NAME = "$(TARGET_NAME)";
				SWIFT_VERSION = 5.0;
				TARGETED_DEVICE_FAMILY = "1,2";
				TEST_HOST = "$(BUILT_PRODUCTS_DIR)/Memorize.app/Memorize";
			};
			name = Debug;
		};
		07607A3D2664E00000C491B4 /* Release */ = {
			isa = XCBuildConfiguration;
			buildSettings = {
				ALWAYS_EMBED_SWIFT_STANDARD_LIBRARIES = YES;
				BUNDLE_LOADER = "$(TEST_HOST)";
				CODE_SIGN_STYLE = Automatic;
				DEVELOPMENT_TEAM = 2357A78TMR;
				INFOPLIST_FILE = MemorizeTests/Info.plist;
				IPHONEOS_DEPLOYMENT_TARGET = 14.0;
				LD_RUNPATH_SEARCH_PATHS = (
					"$(inherited)",
					"@executable_path/Frameworks",
					"@loader_path/Frameworks",
				);
				PRODUCT_BUNDLE_IDENTIFIER = com.nulltwenty.MemorizeTests;
				PRODUCT_NAME = "$(TARGET_NAME)";
				SWIFT_VERSION = 5.0;
				TARGETED_DEVICE_FAMILY = "1,2";
				TEST_HOST = "$(BUILT_PRODUCTS_DIR)/Memorize.app/Memorize";
			};
			name = Release;
		};
		07607A3F2664E00000C491B4 /* Debug */ = {
			isa = XCBuildConfiguration;
			buildSettings = {
				ALWAYS_EMBED_SWIFT_STANDARD_LIBRARIES = YES;
				CODE_SIGN_STYLE = Automatic;
				DEVELOPMENT_TEAM = 2357A78TMR;
				INFOPLIST_FILE = MemorizeUITests/Info.plist;
				LD_RUNPATH_SEARCH_PATHS = (
					"$(inherited)",
					"@executable_path/Frameworks",
					"@loader_path/Frameworks",
				);
				PRODUCT_BUNDLE_IDENTIFIER = com.nulltwenty.MemorizeUITests;
				PRODUCT_NAME = "$(TARGET_NAME)";
				SWIFT_VERSION = 5.0;
				TARGETED_DEVICE_FAMILY = "1,2";
				TEST_TARGET_NAME = Memorize;
			};
			name = Debug;
		};
		07607A402664E00000C491B4 /* Release */ = {
			isa = XCBuildConfiguration;
			buildSettings = {
				ALWAYS_EMBED_SWIFT_STANDARD_LIBRARIES = YES;
				CODE_SIGN_STYLE = Automatic;
				DEVELOPMENT_TEAM = 2357A78TMR;
				INFOPLIST_FILE = MemorizeUITests/Info.plist;
				LD_RUNPATH_SEARCH_PATHS = (
					"$(inherited)",
					"@executable_path/Frameworks",
					"@loader_path/Frameworks",
				);
				PRODUCT_BUNDLE_IDENTIFIER = com.nulltwenty.MemorizeUITests;
				PRODUCT_NAME = "$(TARGET_NAME)";
				SWIFT_VERSION = 5.0;
				TARGETED_DEVICE_FAMILY = "1,2";
				TEST_TARGET_NAME = Memorize;
			};
			name = Release;
		};
/* End XCBuildConfiguration section */

/* Begin XCConfigurationList section */
		07607A0E2664DFFF00C491B4 /* Build configuration list for PBXProject "Memorize" */ = {
			isa = XCConfigurationList;
			buildConfigurations = (
				07607A362664E00000C491B4 /* Debug */,
				07607A372664E00000C491B4 /* Release */,
			);
			defaultConfigurationIsVisible = 0;
			defaultConfigurationName = Release;
		};
		07607A382664E00000C491B4 /* Build configuration list for PBXNativeTarget "Memorize" */ = {
			isa = XCConfigurationList;
			buildConfigurations = (
				07607A392664E00000C491B4 /* Debug */,
				07607A3A2664E00000C491B4 /* Release */,
			);
			defaultConfigurationIsVisible = 0;
			defaultConfigurationName = Release;
		};
		07607A3B2664E00000C491B4 /* Build configuration list for PBXNativeTarget "MemorizeTests" */ = {
			isa = XCConfigurationList;
			buildConfigurations = (
				07607A3C2664E00000C491B4 /* Debug */,
				07607A3D2664E00000C491B4 /* Release */,
			);
			defaultConfigurationIsVisible = 0;
			defaultConfigurationName = Release;
		};
		07607A3E2664E00000C491B4 /* Build configuration list for PBXNativeTarget "MemorizeUITests" */ = {
			isa = XCConfigurationList;
			buildConfigurations = (
				07607A3F2664E00000C491B4 /* Debug */,
				07607A402664E00000C491B4 /* Release */,
			);
			defaultConfigurationIsVisible = 0;
			defaultConfigurationName = Release;
		};
/* End XCConfigurationList section */
	};
	rootObject = 07607A0B2664DFFF00C491B4 /* Project object */;
}
